
Microsoft Visual Studio Solution File, Format Version 12.00
# Visual Studio 15
VisualStudioVersion = 15.0.27703.2000
MinimumVisualStudioVersion = 10.0.40219.1
Project("{9A19103F-16F7-4668-BE54-9A1E7A4F7556}") = "Core", "Core\Core.csproj", "{EB710B53-778C-4938-AFD9-1D646EE84F85}"
EndProject
Project("{FAE04EC0-301F-11D3-BF4B-00C04F79EFBC}") = "Web", "Web\Web.csproj", "{4E9AAB5E-4C3A-4F3E-A4CF-700D1CE7B154}"
EndProject
Project("{FAE04EC0-301F-11D3-BF4B-00C04F79EFBC}") = "Fetcher", "Fetcher\Fetcher.csproj", "{35D5F2D8-99AB-417D-AF2A-3254A5AD3C51}"
EndProject
Global
	GlobalSection(SolutionConfigurationPlatforms) = preSolution
		Debug|Any CPU = Debug|Any CPU
		Release|Any CPU = Release|Any CPU
	EndGlobalSection
	GlobalSection(ProjectConfigurationPlatforms) = postSolution
		{EB710B53-778C-4938-AFD9-1D646EE84F85}.Debug|Any CPU.ActiveCfg = Debug|Any CPU
		{EB710B53-778C-4938-AFD9-1D646EE84F85}.Debug|Any CPU.Build.0 = Debug|Any CPU
		{EB710B53-778C-4938-AFD9-1D646EE84F85}.Release|Any CPU.ActiveCfg = Release|Any CPU
		{EB710B53-778C-4938-AFD9-1D646EE84F85}.Release|Any CPU.Build.0 = Release|Any CPU
		{4E9AAB5E-4C3A-4F3E-A4CF-700D1CE7B154}.Debug|Any CPU.ActiveCfg = Debug|Any CPU
		{4E9AAB5E-4C3A-4F3E-A4CF-700D1CE7B154}.Debug|Any CPU.Build.0 = Debug|Any CPU
		{4E9AAB5E-4C3A-4F3E-A4CF-700D1CE7B154}.Release|Any CPU.ActiveCfg = Release|Any CPU
		{4E9AAB5E-4C3A-4F3E-A4CF-700D1CE7B154}.Release|Any CPU.Build.0 = Release|Any CPU
		{35D5F2D8-99AB-417D-AF2A-3254A5AD3C51}.Debug|Any CPU.ActiveCfg = Debug|Any CPU
		{35D5F2D8-99AB-417D-AF2A-3254A5AD3C51}.Debug|Any CPU.Build.0 = Debug|Any CPU
		{35D5F2D8-99AB-417D-AF2A-3254A5AD3C51}.Release|Any CPU.ActiveCfg = Release|Any CPU
		{35D5F2D8-99AB-417D-AF2A-3254A5AD3C51}.Release|Any CPU.Build.0 = Release|Any CPU
	EndGlobalSection
	GlobalSection(SolutionProperties) = preSolution
		HideSolutionNode = FALSE
	EndGlobalSection
	GlobalSection(ExtensibilityGlobals) = postSolution
		SolutionGuid = {B63887E9-E486-4B2B-80E6-AFC969476722}
	EndGlobalSection
EndGlobal
